
Microsoft Visual Studio Solution File, Format Version 12.00
# Visual Studio Version 17
VisualStudioVersion = 17.9.34701.34
MinimumVisualStudioVersion = 10.0.40219.1
Project("{FAE04EC0-301F-11D3-BF4B-00C04F79EFBC}") = "ConstoPizza", "ConstoPizza\ConstoPizza.csproj", "{69284477-AF22-47F9-AB7A-9899F63153EA}"
EndProject
Global
	GlobalSection(SolutionConfigurationPlatforms) = preSolution
		Debug|Any CPU = Debug|Any CPU
		Release|Any CPU = Release|Any CPU
	EndGlobalSection
	GlobalSection(ProjectConfigurationPlatforms) = postSolution
		{69284477-AF22-47F9-AB7A-9899F63153EA}.Debug|Any CPU.ActiveCfg = Debug|Any CPU
		{69284477-AF22-47F9-AB7A-9899F63153EA}.Debug|Any CPU.Build.0 = Debug|Any CPU
		{69284477-AF22-47F9-AB7A-9899F63153EA}.Release|Any CPU.ActiveCfg = Release|Any CPU
		{69284477-AF22-47F9-AB7A-9899F63153EA}.Release|Any CPU.Build.0 = Release|Any CPU
	EndGlobalSection
	GlobalSection(SolutionProperties) = preSolution
		HideSolutionNode = FALSE
	EndGlobalSection
	GlobalSection(ExtensibilityGlobals) = postSolution
		SolutionGuid = {8B46191D-E44B-4029-9A96-A43EACA4F548}
	EndGlobalSection
EndGlobal
